
Microsoft Visual Studio Solution File, Format Version 12.00
# Visual Studio Version 17
VisualStudioVersion = 17.10.35027.167
MinimumVisualStudioVersion = 10.0.40219.1
Project("{FAE04EC0-301F-11D3-BF4B-00C04F79EFBC}") = "Advanced Assigment3", "Advanced Assigment3.csproj", "{4C28493F-6D95-4A89-91B8-B65EC6BC50E8}"
EndProject
Global
	GlobalSection(SolutionConfigurationPlatforms) = preSolution
		Debug|Any CPU = Debug|Any CPU
		Release|Any CPU = Release|Any CPU
	EndGlobalSection
	GlobalSection(ProjectConfigurationPlatforms) = postSolution
		{4C28493F-6D95-4A89-91B8-B65EC6BC50E8}.Debug|Any CPU.ActiveCfg = Debug|Any CPU
		{4C28493F-6D95-4A89-91B8-B65EC6BC50E8}.Debug|Any CPU.Build.0 = Debug|Any CPU
		{4C28493F-6D95-4A89-91B8-B65EC6BC50E8}.Release|Any CPU.ActiveCfg = Release|Any CPU
		{4C28493F-6D95-4A89-91B8-B65EC6BC50E8}.Release|Any CPU.Build.0 = Release|Any CPU
	EndGlobalSection
	GlobalSection(SolutionProperties) = preSolution
		HideSolutionNode = FALSE
	EndGlobalSection
	GlobalSection(ExtensibilityGlobals) = postSolution
		SolutionGuid = {D00200F4-88D7-4BDE-AF1B-9C8E4F677EB8}
	EndGlobalSection
EndGlobal
